
Microsoft Visual Studio Solution File, Format Version 12.00
# Visual Studio Version 17
VisualStudioVersion = 17.6.33723.286
MinimumVisualStudioVersion = 10.0.40219.1
Project("{FAE04EC0-301F-11D3-BF4B-00C04F79EFBC}") = "ConsoleApp46", "ConsoleApp46\ConsoleApp46.csproj", "{8B3CD7DF-6D36-4491-AEC7-5961B0430A8E}"
EndProject
Global
	GlobalSection(SolutionConfigurationPlatforms) = preSolution
		Debug|Any CPU = Debug|Any CPU
		Release|Any CPU = Release|Any CPU
	EndGlobalSection
	GlobalSection(ProjectConfigurationPlatforms) = postSolution
		{8B3CD7DF-6D36-4491-AEC7-5961B0430A8E}.Debug|Any CPU.ActiveCfg = Debug|Any CPU
		{8B3CD7DF-6D36-4491-AEC7-5961B0430A8E}.Debug|Any CPU.Build.0 = Debug|Any CPU
		{8B3CD7DF-6D36-4491-AEC7-5961B0430A8E}.Release|Any CPU.ActiveCfg = Release|Any CPU
		{8B3CD7DF-6D36-4491-AEC7-5961B0430A8E}.Release|Any CPU.Build.0 = Release|Any CPU
	EndGlobalSection
	GlobalSection(SolutionProperties) = preSolution
		HideSolutionNode = FALSE
	EndGlobalSection
	GlobalSection(ExtensibilityGlobals) = postSolution
		SolutionGuid = {7F026247-4250-4B5F-9596-38C5C480DDD8}
	EndGlobalSection
EndGlobal
